// !$*UTF8*$!
{
	archiveVersion = 1;
	classes = {
	};
	objectVersion = 50;
	objects = {

/* Begin PBXBuildFile section */
		3A285DA82692632C007FB65B /* SentMemesCollectionViewController.swift in Sources */ = {isa = PBXBuildFile; fileRef = 3A285DA72692632C007FB65B /* SentMemesCollectionViewController.swift */; };
		3A285DAA26926416007FB65B /* MemeCollectionViewCell.swift in Sources */ = {isa = PBXBuildFile; fileRef = 3A285DA926926416007FB65B /* MemeCollectionViewCell.swift */; };
		3A285DAC2692A80E007FB65B /* SentMemesTableViewController.swift in Sources */ = {isa = PBXBuildFile; fileRef = 3A285DAB2692A80E007FB65B /* SentMemesTableViewController.swift */; };
		3A9AFACB2676A57D00C7EE15 /* AppDelegate.swift in Sources */ = {isa = PBXBuildFile; fileRef = 3A9AFACA2676A57D00C7EE15 /* AppDelegate.swift */; };
		3A9AFACD2676A57D00C7EE15 /* SceneDelegate.swift in Sources */ = {isa = PBXBuildFile; fileRef = 3A9AFACC2676A57D00C7EE15 /* SceneDelegate.swift */; };
		3A9AFACF2676A57D00C7EE15 /* ViewController.swift in Sources */ = {isa = PBXBuildFile; fileRef = 3A9AFACE2676A57D00C7EE15 /* ViewController.swift */; };
		3A9AFAD22676A57D00C7EE15 /* Main.storyboard in Resources */ = {isa = PBXBuildFile; fileRef = 3A9AFAD02676A57D00C7EE15 /* Main.storyboard */; };
		3A9AFAD42676A57F00C7EE15 /* Assets.xcassets in Resources */ = {isa = PBXBuildFile; fileRef = 3A9AFAD32676A57F00C7EE15 /* Assets.xcassets */; };
		3A9AFAD72676A57F00C7EE15 /* LaunchScreen.storyboard in Resources */ = {isa = PBXBuildFile; fileRef = 3A9AFAD52676A57F00C7EE15 /* LaunchScreen.storyboard */; };
		3A9AFAE22676AED300C7EE15 /* Meme.swift in Sources */ = {isa = PBXBuildFile; fileRef = 3A9AFAE12676AED300C7EE15 /* Meme.swift */; };
		3ABA0838269A164C0090DCBB /* MemeDetailViewController.swift in Sources */ = {isa = PBXBuildFile; fileRef = 3ABA0837269A164C0090DCBB /* MemeDetailViewController.swift */; };
		3ABA083A269A1A0B0090DCBB /* TabBarViewController.swift in Sources */ = {isa = PBXBuildFile; fileRef = 3ABA0839269A1A0B0090DCBB /* TabBarViewController.swift */; };
/* End PBXBuildFile section */

/* Begin PBXFileReference section */
		3A285DA72692632C007FB65B /* SentMemesCollectionViewController.swift */ = {isa = PBXFileReference; lastKnownFileType = sourcecode.swift; path = SentMemesCollectionViewController.swift; sourceTree = "<group>"; };
		3A285DA926926416007FB65B /* MemeCollectionViewCell.swift */ = {isa = PBXFileReference; lastKnownFileType = sourcecode.swift; path = MemeCollectionViewCell.swift; sourceTree = "<group>"; };
		3A285DAB2692A80E007FB65B /* SentMemesTableViewController.swift */ = {isa = PBXFileReference; lastKnownFileType = sourcecode.swift; path = SentMemesTableViewController.swift; sourceTree = "<group>"; };
		3A9AFAC72676A57D00C7EE15 /* MemeMe.app */ = {isa = PBXFileReference; explicitFileType = wrapper.application; includeInIndex = 0; path = MemeMe.app; sourceTree = BUILT_PRODUCTS_DIR; };
		3A9AFACA2676A57D00C7EE15 /* AppDelegate.swift */ = {isa = PBXFileReference; lastKnownFileType = sourcecode.swift; path = AppDelegate.swift; sourceTree = "<group>"; };
		3A9AFACC2676A57D00C7EE15 /* SceneDelegate.swift */ = {isa = PBXFileReference; lastKnownFileType = sourcecode.swift; path = SceneDelegate.swift; sourceTree = "<group>"; };
		3A9AFACE2676A57D00C7EE15 /* ViewController.swift */ = {isa = PBXFileReference; lastKnownFileType = sourcecode.swift; path = ViewController.swift; sourceTree = "<group>"; };
		3A9AFAD12676A57D00C7EE15 /* Base */ = {isa = PBXFileReference; lastKnownFileType = file.storyboard; name = Base; path = Base.lproj/Main.storyboard; sourceTree = "<group>"; };
		3A9AFAD32676A57F00C7EE15 /* Assets.xcassets */ = {isa = PBXFileReference; lastKnownFileType = folder.assetcatalog; path = Assets.xcassets; sourceTree = "<group>"; };
		3A9AFAD62676A57F00C7EE15 /* Base */ = {isa = PBXFileReference; lastKnownFileType = file.storyboard; name = Base; path = Base.lproj/LaunchScreen.storyboard; sourceTree = "<group>"; };
		3A9AFAD82676A57F00C7EE15 /* Info.plist */ = {isa = PBXFileReference; lastKnownFileType = text.plist.xml; path = Info.plist; sourceTree = "<group>"; };
		3A9AFAE12676AED300C7EE15 /* Meme.swift */ = {isa = PBXFileReference; lastKnownFileType = sourcecode.swift; path = Meme.swift; sourceTree = "<group>"; };
		3ABA0837269A164C0090DCBB /* MemeDetailViewController.swift */ = {isa = PBXFileReference; lastKnownFileType = sourcecode.swift; path = MemeDetailViewController.swift; sourceTree = "<group>"; };
		3ABA0839269A1A0B0090DCBB /* TabBarViewController.swift */ = {isa = PBXFileReference; lastKnownFileType = sourcecode.swift; path = TabBarViewController.swift; sourceTree = "<group>"; };
/* End PBXFileReference section */

/* Begin PBXFrameworksBuildPhase section */
		3A9AFAC42676A57D00C7EE15 /* Frameworks */ = {
			isa = PBXFrameworksBuildPhase;
			buildActionMask = 2147483647;
			files = (
			);
			runOnlyForDeploymentPostprocessing = 0;
		};
/* End PBXFrameworksBuildPhase section */

/* Begin PBXGroup section */
		3A9AFABE2676A57D00C7EE15 = {
			isa = PBXGroup;
			children = (
				3A9AFAC92676A57D00C7EE15 /* MemeMe */,
				3A9AFAC82676A57D00C7EE15 /* Products */,
			);
			sourceTree = "<group>";
		};
		3A9AFAC82676A57D00C7EE15 /* Products */ = {
			isa = PBXGroup;
			children = (
				3A9AFAC72676A57D00C7EE15 /* MemeMe.app */,
			);
			name = Products;
			sourceTree = "<group>";
		};
		3A9AFAC92676A57D00C7EE15 /* MemeMe */ = {
			isa = PBXGroup;
			children = (
				3A9AFAE02676AEB800C7EE15 /* Controller */,
				3A9AFADF2676AEB200C7EE15 /* View */,
				3A9AFADE2676AEAC00C7EE15 /* Model */,
				3A9AFACA2676A57D00C7EE15 /* AppDelegate.swift */,
				3A9AFACC2676A57D00C7EE15 /* SceneDelegate.swift */,
				3A9AFAD02676A57D00C7EE15 /* Main.storyboard */,
				3A9AFAD32676A57F00C7EE15 /* Assets.xcassets */,
				3A9AFAD52676A57F00C7EE15 /* LaunchScreen.storyboard */,
				3A9AFAD82676A57F00C7EE15 /* Info.plist */,
			);
			path = MemeMe;
			sourceTree = "<group>";
		};
		3A9AFADE2676AEAC00C7EE15 /* Model */ = {
			isa = PBXGroup;
			children = (
				3A9AFAE12676AED300C7EE15 /* Meme.swift */,
				3A285DA926926416007FB65B /* MemeCollectionViewCell.swift */,
			);
			path = Model;
			sourceTree = "<group>";
		};
		3A9AFADF2676AEB200C7EE15 /* View */ = {
			isa = PBXGroup;
			children = (
			);
			path = View;
			sourceTree = "<group>";
		};
		3A9AFAE02676AEB800C7EE15 /* Controller */ = {
			isa = PBXGroup;
			children = (
				3A9AFACE2676A57D00C7EE15 /* ViewController.swift */,
				3A285DA72692632C007FB65B /* SentMemesCollectionViewController.swift */,
				3A285DAB2692A80E007FB65B /* SentMemesTableViewController.swift */,
				3ABA0837269A164C0090DCBB /* MemeDetailViewController.swift */,
				3ABA0839269A1A0B0090DCBB /* TabBarViewController.swift */,
			);
			path = Controller;
			sourceTree = "<group>";
		};
/* End PBXGroup section */

/* Begin PBXNativeTarget section */
		3A9AFAC62676A57D00C7EE15 /* MemeMe */ = {
			isa = PBXNativeTarget;
			buildConfigurationList = 3A9AFADB2676A57F00C7EE15 /* Build configuration list for PBXNativeTarget "MemeMe" */;
			buildPhases = (
				3A9AFAC32676A57D00C7EE15 /* Sources */,
				3A9AFAC42676A57D00C7EE15 /* Frameworks */,
				3A9AFAC52676A57D00C7EE15 /* Resources */,
			);
			buildRules = (
			);
			dependencies = (
			);
			name = MemeMe;
			productName = MemeMe;
			productReference = 3A9AFAC72676A57D00C7EE15 /* MemeMe.app */;
			productType = "com.apple.product-type.application";
		};
/* End PBXNativeTarget section */

/* Begin PBXProject section */
		3A9AFABF2676A57D00C7EE15 /* Project object */ = {
			isa = PBXProject;
			attributes = {
				LastSwiftUpdateCheck = 1250;
				LastUpgradeCheck = 1250;
				TargetAttributes = {
					3A9AFAC62676A57D00C7EE15 = {
						CreatedOnToolsVersion = 12.5;
					};
				};
			};
			buildConfigurationList = 3A9AFAC22676A57D00C7EE15 /* Build configuration list for PBXProject "MemeMe" */;
			compatibilityVersion = "Xcode 9.3";
			developmentRegion = en;
			hasScannedForEncodings = 0;
			knownRegions = (
				en,
				Base,
			);
			mainGroup = 3A9AFABE2676A57D00C7EE15;
			productRefGroup = 3A9AFAC82676A57D00C7EE15 /* Products */;
			projectDirPath = "";
			projectRoot = "";
			targets = (
				3A9AFAC62676A57D00C7EE15 /* MemeMe */,
			);
		};
/* End PBXProject section */

/* Begin PBXResourcesBuildPhase section */
		3A9AFAC52676A57D00C7EE15 /* Resources */ = {
			isa = PBXResourcesBuildPhase;
			buildActionMask = 2147483647;
			files = (
				3A9AFAD72676A57F00C7EE15 /* LaunchScreen.storyboard in Resources */,
				3A9AFAD42676A57F00C7EE15 /* Assets.xcassets in Resources */,
				3A9AFAD22676A57D00C7EE15 /* Main.storyboard in Resources */,
			);
			runOnlyForDeploymentPostprocessing = 0;
		};
/* End PBXResourcesBuildPhase section */

/* Begin PBXSourcesBuildPhase section */
		3A9AFAC32676A57D00C7EE15 /* Sources */ = {
			isa = PBXSourcesBuildPhase;
			buildActionMask = 2147483647;
			files = (
				3A285DAA26926416007FB65B /* MemeCollectionViewCell.swift in Sources */,
				3A285DAC2692A80E007FB65B /* SentMemesTableViewController.swift in Sources */,
				3A9AFACF2676A57D00C7EE15 /* ViewController.swift in Sources */,
				3A9AFAE22676AED300C7EE15 /* Meme.swift in Sources */,
				3ABA083A269A1A0B0090DCBB /* TabBarViewController.swift in Sources */,
				3A285DA82692632C007FB65B /* SentMemesCollectionViewController.swift in Sources */,
				3A9AFACB2676A57D00C7EE15 /* AppDelegate.swift in Sources */,
				3A9AFACD2676A57D00C7EE15 /* SceneDelegate.swift in Sources */,
				3ABA0838269A164C0090DCBB /* MemeDetailViewController.swift in Sources */,
			);
			runOnlyForDeploymentPostprocessing = 0;
		};
/* End PBXSourcesBuildPhase section */

/* Begin PBXVariantGroup section */
		3A9AFAD02676A57D00C7EE15 /* Main.storyboard */ = {
			isa = PBXVariantGroup;
			children = (
				3A9AFAD12676A57D00C7EE15 /* Base */,
			);
			name = Main.storyboard;
			sourceTree = "<group>";
		};
		3A9AFAD52676A57F00C7EE15 /* LaunchScreen.storyboard */ = {
			isa = PBXVariantGroup;
			children = (
				3A9AFAD62676A57F00C7EE15 /* Base */,
			);
			name = LaunchScreen.storyboard;
			sourceTree = "<group>";
		};
/* End PBXVariantGroup section */

/* Begin XCBuildConfiguration section */
		3A9AFAD92676A57F00C7EE15 /* Debug */ = {
			isa = XCBuildConfiguration;
			buildSettings = {
				ALWAYS_SEARCH_USER_PATHS = NO;
				CLANG_ANALYZER_NONNULL = YES;
				CLANG_ANALYZER_NUMBER_OBJECT_CONVERSION = YES_AGGRESSIVE;
				CLANG_CXX_LANGUAGE_STANDARD = "gnu++14";
				CLANG_CXX_LIBRARY = "libc++";
				CLANG_ENABLE_MODULES = YES;
				CLANG_ENABLE_OBJC_ARC = YES;
				CLANG_ENABLE_OBJC_WEAK = YES;
				CLANG_WARN_BLOCK_CAPTURE_AUTORELEASING = YES;
				CLANG_WARN_BOOL_CONVERSION = YES;
				CLANG_WARN_COMMA = YES;
				CLANG_WARN_CONSTANT_CONVERSION = YES;
				CLANG_WARN_DEPRECATED_OBJC_IMPLEMENTATIONS = YES;
				CLANG_WARN_DIRECT_OBJC_ISA_USAGE = YES_ERROR;
				CLANG_WARN_DOCUMENTATION_COMMENTS = YES;
				CLANG_WARN_EMPTY_BODY = YES;
				CLANG_WARN_ENUM_CONVERSION = YES;
				CLANG_WARN_INFINITE_RECURSION = YES;
				CLANG_WARN_INT_CONVERSION = YES;
				CLANG_WARN_NON_LITERAL_NULL_CONVERSION = YES;
				CLANG_WARN_OBJC_IMPLICIT_RETAIN_SELF = YES;
				CLANG_WARN_OBJC_LITERAL_CONVERSION = YES;
				CLANG_WARN_OBJC_ROOT_CLASS = YES_ERROR;
				CLANG_WARN_QUOTED_INCLUDE_IN_FRAMEWORK_HEADER = YES;
				CLANG_WARN_RANGE_LOOP_ANALYSIS = YES;
				CLANG_WARN_STRICT_PROTOTYPES = YES;
				CLANG_WARN_SUSPICIOUS_MOVE = YES;
				CLANG_WARN_UNGUARDED_AVAILABILITY = YES_AGGRESSIVE;
				CLANG_WARN_UNREACHABLE_CODE = YES;
				CLANG_WARN__DUPLICATE_METHOD_MATCH = YES;
				COPY_PHASE_STRIP = NO;
				DEBUG_INFORMATION_FORMAT = dwarf;
				ENABLE_STRICT_OBJC_MSGSEND = YES;
				ENABLE_TESTABILITY = YES;
				GCC_C_LANGUAGE_STANDARD = gnu11;
				GCC_DYNAMIC_NO_PIC = NO;
				GCC_NO_COMMON_BLOCKS = YES;
				GCC_OPTIMIZATION_LEVEL = 0;
				GCC_PREPROCESSOR_DEFINITIONS = (
					"DEBUG=1",
					"$(inherited)",
				);
				GCC_WARN_64_TO_32_BIT_CONVERSION = YES;
				GCC_WARN_ABOUT_RETURN_TYPE = YES_ERROR;
				GCC_WARN_UNDECLARED_SELECTOR = YES;
				GCC_WARN_UNINITIALIZED_AUTOS = YES_AGGRESSIVE;
				GCC_WARN_UNUSED_FUNCTION = YES;
				GCC_WARN_UNUSED_VARIABLE = YES;
				IPHONEOS_DEPLOYMENT_TARGET = 14.5;
				MTL_ENABLE_DEBUG_INFO = INCLUDE_SOURCE;
				MTL_FAST_MATH = YES;
				ONLY_ACTIVE_ARCH = YES;
				SDKROOT = iphoneos;
				SWIFT_ACTIVE_COMPILATION_CONDITIONS = DEBUG;
				SWIFT_OPTIMIZATION_LEVEL = "-Onone";
			};
			name = Debug;
		};
		3A9AFADA2676A57F00C7EE15 /* Release */ = {
			isa = XCBuildConfiguration;
			buildSettings = {
				ALWAYS_SEARCH_USER_PATHS = NO;
				CLANG_ANALYZER_NONNULL = YES;
				CLANG_ANALYZER_NUMBER_OBJECT_CONVERSION = YES_AGGRESSIVE;
				CLANG_CXX_LANGUAGE_STANDARD = "gnu++14";
				CLANG_CXX_LIBRARY = "libc++";
				CLANG_ENABLE_MODULES = YES;
				CLANG_ENABLE_OBJC_ARC = YES;
				CLANG_ENABLE_OBJC_WEAK = YES;
				CLANG_WARN_BLOCK_CAPTURE_AUTORELEASING = YES;
				CLANG_WARN_BOOL_CONVERSION = YES;
				CLANG_WARN_COMMA = YES;
				CLANG_WARN_CONSTANT_CONVERSION = YES;
				CLANG_WARN_DEPRECATED_OBJC_IMPLEMENTATIONS = YES;
				CLANG_WARN_DIRECT_OBJC_ISA_USAGE = YES_ERROR;
				CLANG_WARN_DOCUMENTATION_COMMENTS = YES;
				CLANG_WARN_EMPTY_BODY = YES;
				CLANG_WARN_ENUM_CONVERSION = YES;
				CLANG_WARN_INFINITE_RECURSION = YES;
				CLANG_WARN_INT_CONVERSION = YES;
				CLANG_WARN_NON_LITERAL_NULL_CONVERSION = YES;
				CLANG_WARN_OBJC_IMPLICIT_RETAIN_SELF = YES;
				CLANG_WARN_OBJC_LITERAL_CONVERSION = YES;
				CLANG_WARN_OBJC_ROOT_CLASS = YES_ERROR;
				CLANG_WARN_QUOTED_INCLUDE_IN_FRAMEWORK_HEADER = YES;
				CLANG_WARN_RANGE_LOOP_ANALYSIS = YES;
				CLANG_WARN_STRICT_PROTOTYPES = YES;
				CLANG_WARN_SUSPICIOUS_MOVE = YES;
				CLANG_WARN_UNGUARDED_AVAILABILITY = YES_AGGRESSIVE;
				CLANG_WARN_UNREACHABLE_CODE = YES;
				CLANG_WARN__DUPLICATE_METHOD_MATCH = YES;
				COPY_PHASE_STRIP = NO;
				DEBUG_INFORMATION_FORMAT = "dwarf-with-dsym";
				ENABLE_NS_ASSERTIONS = NO;
				ENABLE_STRICT_OBJC_MSGSEND = YES;
				GCC_C_LANGUAGE_STANDARD = gnu11;
				GCC_NO_COMMON_BLOCKS = YES;
				GCC_WARN_64_TO_32_BIT_CONVERSION = YES;
				GCC_WARN_ABOUT_RETURN_TYPE = YES_ERROR;
				GCC_WARN_UNDECLARED_SELECTOR = YES;
				GCC_WARN_UNINITIALIZED_AUTOS = YES_AGGRESSIVE;
				GCC_WARN_UNUSED_FUNCTION = YES;
				GCC_WARN_UNUSED_VARIABLE = YES;
				IPHONEOS_DEPLOYMENT_TARGET = 14.5;
				MTL_ENABLE_DEBUG_INFO = NO;
				MTL_FAST_MATH = YES;
				SDKROOT = iphoneos;
				SWIFT_COMPILATION_MODE = wholemodule;
				SWIFT_OPTIMIZATION_LEVEL = "-O";
				VALIDATE_PRODUCT = YES;
			};
			name = Release;
		};
		3A9AFADC2676A57F00C7EE15 /* Debug */ = {
			isa = XCBuildConfiguration;
			buildSettings = {
				ASSETCATALOG_COMPILER_APPICON_NAME = AppIcon;
				ASSETCATALOG_COMPILER_GLOBAL_ACCENT_COLOR_NAME = AccentColor;
				CODE_SIGN_STYLE = Automatic;
				DEVELOPMENT_TEAM = Q2YSHWWWDD;
				INFOPLIST_FILE = MemeMe/Info.plist;
				LD_RUNPATH_SEARCH_PATHS = (
					"$(inherited)",
					"@executable_path/Frameworks",
				);
				PRODUCT_BUNDLE_IDENTIFIER = me.gmarkov.MemeMe;
				PRODUCT_NAME = "$(TARGET_NAME)";
				SWIFT_VERSION = 5.0;
				TARGETED_DEVICE_FAMILY = "1,2";
			};
			name = Debug;
		};
		3A9AFADD2676A57F00C7EE15 /* Release */ = {
			isa = XCBuildConfiguration;
			buildSettings = {
				ASSETCATALOG_COMPILER_APPICON_NAME = AppIcon;
				ASSETCATALOG_COMPILER_GLOBAL_ACCENT_COLOR_NAME = AccentColor;
				CODE_SIGN_STYLE = Automatic;
				DEVELOPMENT_TEAM = Q2YSHWWWDD;
				INFOPLIST_FILE = MemeMe/Info.plist;
				LD_RUNPATH_SEARCH_PATHS = (
					"$(inherited)",
					"@executable_path/Frameworks",
				);
				PRODUCT_BUNDLE_IDENTIFIER = me.gmarkov.MemeMe;
				PRODUCT_NAME = "$(TARGET_NAME)";
				SWIFT_VERSION = 5.0;
				TARGETED_DEVICE_FAMILY = "1,2";
			};
			name = Release;
		};
/* End XCBuildConfiguration section */

/* Begin XCConfigurationList section */
		3A9AFAC22676A57D00C7EE15 /* Build configuration list for PBXProject "MemeMe" */ = {
			isa = XCConfigurationList;
			buildConfigurations = (
				3A9AFAD92676A57F00C7EE15 /* Debug */,
				3A9AFADA2676A57F00C7EE15 /* Release */,
			);
			defaultConfigurationIsVisible = 0;
			defaultConfigurationName = Release;
		};
		3A9AFADB2676A57F00C7EE15 /* Build configuration list for PBXNativeTarget "MemeMe" */ = {
			isa = XCConfigurationList;
			buildConfigurations = (
				3A9AFADC2676A57F00C7EE15 /* Debug */,
				3A9AFADD2676A57F00C7EE15 /* Release */,
			);
			defaultConfigurationIsVisible = 0;
			defaultConfigurationName = Release;
		};
/* End XCConfigurationList section */
	};
	rootObject = 3A9AFABF2676A57D00C7EE15 /* Project object */;
}
